Microsoft Visual Studio Solution File, Format Version 12.00
# Visual Studio 2012
Project("{FAE04EC0-301F-11D3-BF4B-00C04F79EFBC}") = "Stumps.Startup", "Stumps.Startup\Stumps.Startup.csproj", "{D18BEACA-6092-4B3D-9CEA-F8CFE927CE58}"
EndProject
Project("{FAE04EC0-301F-11D3-BF4B-00C04F79EFBC}") = "Stumps.Server", "Stumps.Server\Stumps.Server.csproj", "{0E8D3356-1F8C-49BB-8576-DF2A494F0DC9}"
EndProject
Project("{930C7802-8A8C-48F9-8165-68863BCCD9DD}") = "StumpsInstaller", "StumpsInstaller\StumpsInstaller.wixproj", "{0CA5331D-1EC2-4C92-AB2A-C3E2C133D0BF}"
	ProjectSection(ProjectDependencies) = postProject
		{0E8D3356-1F8C-49BB-8576-DF2A494F0DC9} = {0E8D3356-1F8C-49BB-8576-DF2A494F0DC9}
		{D18BEACA-6092-4B3D-9CEA-F8CFE927CE58} = {D18BEACA-6092-4B3D-9CEA-F8CFE927CE58}
	EndProjectSection
EndProject
Project("{2150E333-8FDC-42A3-9474-1A3956D46DE8}") = ".nuget", ".nuget", "{90D89DC1-0A2A-4CD7-B27F-FE8AD6513527}"
	ProjectSection(SolutionItems) = preProject
		.nuget\NuGet.Config = .nuget\NuGet.Config
		.nuget\test1\NuGet.exe = .nuget\test1\NuGet.exe
		.nuget\NuGet.targets = .nuget\NuGet.targets
	EndProjectSection
EndProject
Project("{2150E333-8FDC-42A3-9474-1A3956D46DE8}") = ".build", ".build", "{5918681E-6343-49C7-9406-864F44A1D082}"
	ProjectSection(SolutionItems) = preProject
		Build.proj = Build.proj
		.build\MSBuild.Community.Tasks.dll = .build\MSBuild.Community.Tasks.dll
		.build\MSBuild.Community.Tasks.targets = .build\MSBuild.Community.Tasks.targets
	EndProjectSection
EndProject
Project("{FAE04EC0-301F-11D3-BF4B-00C04F79EFBC}") = "Stumps.Server.Tests", "..\..\test\unit\Stumps.Server.Tests\Stumps.Server.Tests.csproj", "{F2A862A5-84FC-41E9-BC0D-C900B02C621D}"
EndProject
Project("{FAE04EC0-301F-11D3-BF4B-00C04F79EFBC}") = "Stumps.Web", "Stumps.Web\Stumps.Web.csproj", "{A21EE917-498E-4E06-9AE5-2E23380E8306}"
EndProject
Project("{FAE04EC0-301F-11D3-BF4B-00C04F79EFBC}") = "Stumps.Base", "Stumps.Base\Stumps.Base.csproj", "{EB4D58DA-2B6C-4A51-B648-7D4FB6D8DC80}"
EndProject
Project("{FAE04EC0-301F-11D3-BF4B-00C04F79EFBC}") = "Stumps.Base.Tests", "..\..\test\unit\Stumps.Base.Tests\Stumps.Base.Tests.csproj", "{9432A771-96AD-4FE4-9B1A-74643C387332}"
EndProject
Project("{2150E333-8FDC-42A3-9474-1A3956D46DE8}") = "Tests", "Tests", "{DEF9F0BD-4754-4F88-BC3B-CF8149AF6AA9}"
EndProject
Project("{FAE04EC0-301F-11D3-BF4B-00C04F79EFBC}") = "Stumps.Startup.Tests", "..\..\test\unit\Stumps.Startup.Tests\Stumps.Startup.Tests.csproj", "{F28D39EB-5AAA-4AFC-A9BF-264CD9A33445}"
EndProject
Project("{FAE04EC0-301F-11D3-BF4B-00C04F79EFBC}") = "Stumps.Launcher", "Stumps.Launcher\Stumps.Launcher.csproj", "{797A9CFF-38F0-4CC0-A40B-BAA119A13F39}"
EndProject
Global
	GlobalSection(SolutionConfigurationPlatforms) = preSolution
		Debug|Any CPU = Debug|Any CPU
		Debug|Mixed Platforms = Debug|Mixed Platforms
		Debug|x86 = Debug|x86
		Release|Any CPU = Release|Any CPU
		Release|Mixed Platforms = Release|Mixed Platforms
		Release|x86 = Release|x86
	EndGlobalSection
	GlobalSection(ProjectConfigurationPlatforms) = postSolution
		{0E8D3356-1F8C-49BB-8576-DF2A494F0DC9}.Debug|Any CPU.ActiveCfg = Debug|Any CPU
		{0E8D3356-1F8C-49BB-8576-DF2A494F0DC9}.Debug|Any CPU.Build.0 = Debug|Any CPU
		{0E8D3356-1F8C-49BB-8576-DF2A494F0DC9}.Debug|Mixed Platforms.ActiveCfg = Debug|Any CPU
		{0E8D3356-1F8C-49BB-8576-DF2A494F0DC9}.Debug|Mixed Platforms.Build.0 = Debug|Any CPU
		{0E8D3356-1F8C-49BB-8576-DF2A494F0DC9}.Debug|x86.ActiveCfg = Debug|Any CPU
		{0E8D3356-1F8C-49BB-8576-DF2A494F0DC9}.Release|Any CPU.ActiveCfg = Release|Any CPU
		{0E8D3356-1F8C-49BB-8576-DF2A494F0DC9}.Release|Any CPU.Build.0 = Release|Any CPU
		{0E8D3356-1F8C-49BB-8576-DF2A494F0DC9}.Release|Mixed Platforms.ActiveCfg = Release|Any CPU
		{0E8D3356-1F8C-49BB-8576-DF2A494F0DC9}.Release|Mixed Platforms.Build.0 = Release|Any CPU
		{0E8D3356-1F8C-49BB-8576-DF2A494F0DC9}.Release|x86.ActiveCfg = Release|Any CPU
		{D18BEACA-6092-4B3D-9CEA-F8CFE927CE58}.Debug|Any CPU.ActiveCfg = Debug|Any CPU
		{D18BEACA-6092-4B3D-9CEA-F8CFE927CE58}.Debug|Any CPU.Build.0 = Debug|Any CPU
		{D18BEACA-6092-4B3D-9CEA-F8CFE927CE58}.Debug|Mixed Platforms.ActiveCfg = Debug|Any CPU
		{D18BEACA-6092-4B3D-9CEA-F8CFE927CE58}.Debug|Mixed Platforms.Build.0 = Debug|Any CPU
		{D18BEACA-6092-4B3D-9CEA-F8CFE927CE58}.Debug|x86.ActiveCfg = Debug|Any CPU
		{D18BEACA-6092-4B3D-9CEA-F8CFE927CE58}.Release|Any CPU.ActiveCfg = Release|Any CPU
		{D18BEACA-6092-4B3D-9CEA-F8CFE927CE58}.Release|Any CPU.Build.0 = Release|Any CPU
		{D18BEACA-6092-4B3D-9CEA-F8CFE927CE58}.Release|Mixed Platforms.ActiveCfg = Release|Any CPU
		{D18BEACA-6092-4B3D-9CEA-F8CFE927CE58}.Release|Mixed Platforms.Build.0 = Release|Any CPU
		{D18BEACA-6092-4B3D-9CEA-F8CFE927CE58}.Release|x86.ActiveCfg = Release|Any CPU
		{0CA5331D-1EC2-4C92-AB2A-C3E2C133D0BF}.Debug|Any CPU.ActiveCfg = Debug|x86
		{0CA5331D-1EC2-4C92-AB2A-C3E2C133D0BF}.Debug|Mixed Platforms.ActiveCfg = Debug|x86
		{0CA5331D-1EC2-4C92-AB2A-C3E2C133D0BF}.Debug|x86.ActiveCfg = Debug|x86
		{0CA5331D-1EC2-4C92-AB2A-C3E2C133D0BF}.Debug|x86.Build.0 = Debug|x86
		{0CA5331D-1EC2-4C92-AB2A-C3E2C133D0BF}.Release|Any CPU.ActiveCfg = Release|x86
		{0CA5331D-1EC2-4C92-AB2A-C3E2C133D0BF}.Release|Mixed Platforms.ActiveCfg = Release|x86
		{0CA5331D-1EC2-4C92-AB2A-C3E2C133D0BF}.Release|Mixed Platforms.Build.0 = Release|x86
		{0CA5331D-1EC2-4C92-AB2A-C3E2C133D0BF}.Release|x86.ActiveCfg = Release|x86
		{0CA5331D-1EC2-4C92-AB2A-C3E2C133D0BF}.Release|x86.Build.0 = Release|x86
		{F2A862A5-84FC-41E9-BC0D-C900B02C621D}.Debug|Any CPU.ActiveCfg = Debug|Any CPU
		{F2A862A5-84FC-41E9-BC0D-C900B02C621D}.Debug|Any CPU.Build.0 = Debug|Any CPU
		{F2A862A5-84FC-41E9-BC0D-C900B02C621D}.Debug|Mixed Platforms.ActiveCfg = Debug|Any CPU
		{F2A862A5-84FC-41E9-BC0D-C900B02C621D}.Debug|Mixed Platforms.Build.0 = Debug|Any CPU
		{F2A862A5-84FC-41E9-BC0D-C900B02C621D}.Debug|x86.ActiveCfg = Debug|Any CPU
		{F2A862A5-84FC-41E9-BC0D-C900B02C621D}.Release|Any CPU.ActiveCfg = Release|Any CPU
		{F2A862A5-84FC-41E9-BC0D-C900B02C621D}.Release|Any CPU.Build.0 = Release|Any CPU
		{F2A862A5-84FC-41E9-BC0D-C900B02C621D}.Release|Mixed Platforms.ActiveCfg = Release|Any CPU
		{F2A862A5-84FC-41E9-BC0D-C900B02C621D}.Release|Mixed Platforms.Build.0 = Release|Any CPU
		{F2A862A5-84FC-41E9-BC0D-C900B02C621D}.Release|x86.ActiveCfg = Release|Any CPU
		{A21EE917-498E-4E06-9AE5-2E23380E8306}.Debug|Any CPU.ActiveCfg = Debug|Any CPU
		{A21EE917-498E-4E06-9AE5-2E23380E8306}.Debug|Any CPU.Build.0 = Debug|Any CPU
		{A21EE917-498E-4E06-9AE5-2E23380E8306}.Debug|Mixed Platforms.ActiveCfg = Debug|Any CPU
		{A21EE917-498E-4E06-9AE5-2E23380E8306}.Debug|Mixed Platforms.Build.0 = Debug|Any CPU
		{A21EE917-498E-4E06-9AE5-2E23380E8306}.Debug|x86.ActiveCfg = Debug|Any CPU
		{A21EE917-498E-4E06-9AE5-2E23380E8306}.Release|Any CPU.ActiveCfg = Release|Any CPU
		{A21EE917-498E-4E06-9AE5-2E23380E8306}.Release|Any CPU.Build.0 = Release|Any CPU
		{A21EE917-498E-4E06-9AE5-2E23380E8306}.Release|Mixed Platforms.ActiveCfg = Release|Any CPU
		{A21EE917-498E-4E06-9AE5-2E23380E8306}.Release|Mixed Platforms.Build.0 = Release|Any CPU
		{A21EE917-498E-4E06-9AE5-2E23380E8306}.Release|x86.ActiveCfg = Release|Any CPU
		{EB4D58DA-2B6C-4A51-B648-7D4FB6D8DC80}.Debug|Any CPU.ActiveCfg = Debug|Any CPU
		{EB4D58DA-2B6C-4A51-B648-7D4FB6D8DC80}.Debug|Any CPU.Build.0 = Debug|Any CPU
		{EB4D58DA-2B6C-4A51-B648-7D4FB6D8DC80}.Debug|Mixed Platforms.ActiveCfg = Debug|Any CPU
		{EB4D58DA-2B6C-4A51-B648-7D4FB6D8DC80}.Debug|Mixed Platforms.Build.0 = Debug|Any CPU
		{EB4D58DA-2B6C-4A51-B648-7D4FB6D8DC80}.Debug|x86.ActiveCfg = Debug|Any CPU
		{EB4D58DA-2B6C-4A51-B648-7D4FB6D8DC80}.Release|Any CPU.ActiveCfg = Release|Any CPU
		{EB4D58DA-2B6C-4A51-B648-7D4FB6D8DC80}.Release|Any CPU.Build.0 = Release|Any CPU
		{EB4D58DA-2B6C-4A51-B648-7D4FB6D8DC80}.Release|Mixed Platforms.ActiveCfg = Release|Any CPU
		{EB4D58DA-2B6C-4A51-B648-7D4FB6D8DC80}.Release|Mixed Platforms.Build.0 = Release|Any CPU
		{EB4D58DA-2B6C-4A51-B648-7D4FB6D8DC80}.Release|x86.ActiveCfg = Release|Any CPU
		{9432A771-96AD-4FE4-9B1A-74643C387332}.Debug|Any CPU.ActiveCfg = Debug|Any CPU
		{9432A771-96AD-4FE4-9B1A-74643C387332}.Debug|Any CPU.Build.0 = Debug|Any CPU
		{9432A771-96AD-4FE4-9B1A-74643C387332}.Debug|Mixed Platforms.ActiveCfg = Debug|Any CPU
		{9432A771-96AD-4FE4-9B1A-74643C387332}.Debug|Mixed Platforms.Build.0 = Debug|Any CPU
		{9432A771-96AD-4FE4-9B1A-74643C387332}.Debug|x86.ActiveCfg = Debug|Any CPU
		{9432A771-96AD-4FE4-9B1A-74643C387332}.Release|Any CPU.ActiveCfg = Release|Any CPU
		{9432A771-96AD-4FE4-9B1A-74643C387332}.Release|Any CPU.Build.0 = Release|Any CPU
		{9432A771-96AD-4FE4-9B1A-74643C387332}.Release|Mixed Platforms.ActiveCfg = Release|Any CPU
		{9432A771-96AD-4FE4-9B1A-74643C387332}.Release|Mixed Platforms.Build.0 = Release|Any CPU
		{9432A771-96AD-4FE4-9B1A-74643C387332}.Release|x86.ActiveCfg = Release|Any CPU
		{F28D39EB-5AAA-4AFC-A9BF-264CD9A33445}.Debug|Any CPU.ActiveCfg = Debug|Any CPU
		{F28D39EB-5AAA-4AFC-A9BF-264CD9A33445}.Debug|Any CPU.Build.0 = Debug|Any CPU
		{F28D39EB-5AAA-4AFC-A9BF-264CD9A33445}.Debug|Mixed Platforms.ActiveCfg = Debug|Any CPU
		{F28D39EB-5AAA-4AFC-A9BF-264CD9A33445}.Debug|Mixed Platforms.Build.0 = Debug|Any CPU
		{F28D39EB-5AAA-4AFC-A9BF-264CD9A33445}.Debug|x86.ActiveCfg = Debug|Any CPU
		{F28D39EB-5AAA-4AFC-A9BF-264CD9A33445}.Release|Any CPU.ActiveCfg = Release|Any CPU
		{F28D39EB-5AAA-4AFC-A9BF-264CD9A33445}.Release|Any CPU.Build.0 = Release|Any CPU
		{F28D39EB-5AAA-4AFC-A9BF-264CD9A33445}.Release|Mixed Platforms.ActiveCfg = Release|Any CPU
		{F28D39EB-5AAA-4AFC-A9BF-264CD9A33445}.Release|Mixed Platforms.Build.0 = Release|Any CPU
		{F28D39EB-5AAA-4AFC-A9BF-264CD9A33445}.Release|x86.ActiveCfg = Release|Any CPU
		{797A9CFF-38F0-4CC0-A40B-BAA119A13F39}.Debug|Any CPU.ActiveCfg = Debug|Any CPU
		{797A9CFF-38F0-4CC0-A40B-BAA119A13F39}.Debug|Any CPU.Build.0 = Debug|Any CPU
		{797A9CFF-38F0-4CC0-A40B-BAA119A13F39}.Debug|Mixed Platforms.ActiveCfg = Debug|Any CPU
		{797A9CFF-38F0-4CC0-A40B-BAA119A13F39}.Debug|Mixed Platforms.Build.0 = Debug|Any CPU
		{797A9CFF-38F0-4CC0-A40B-BAA119A13F39}.Debug|x86.ActiveCfg = Debug|Any CPU
		{797A9CFF-38F0-4CC0-A40B-BAA119A13F39}.Release|Any CPU.ActiveCfg = Release|Any CPU
		{797A9CFF-38F0-4CC0-A40B-BAA119A13F39}.Release|Any CPU.Build.0 = Release|Any CPU
		{797A9CFF-38F0-4CC0-A40B-BAA119A13F39}.Release|Mixed Platforms.ActiveCfg = Release|Any CPU
		{797A9CFF-38F0-4CC0-A40B-BAA119A13F39}.Release|Mixed Platforms.Build.0 = Release|Any CPU
		{797A9CFF-38F0-4CC0-A40B-BAA119A13F39}.Release|x86.ActiveCfg = Release|Any CPU
	EndGlobalSection
	GlobalSection(SolutionProperties) = preSolution
		HideSolutionNode = FALSE
	EndGlobalSection
	GlobalSection(NestedProjects) = preSolution
		{9432A771-96AD-4FE4-9B1A-74643C387332} = {DEF9F0BD-4754-4F88-BC3B-CF8149AF6AA9}
		{F2A862A5-84FC-41E9-BC0D-C900B02C621D} = {DEF9F0BD-4754-4F88-BC3B-CF8149AF6AA9}
		{F28D39EB-5AAA-4AFC-A9BF-264CD9A33445} = {DEF9F0BD-4754-4F88-BC3B-CF8149AF6AA9}
	EndGlobalSection
	GlobalSection(CodealikeProperties) = postSolution
		SolutionGuid = a611af39-9758-4bf0-aace-d54598aa756b
	EndGlobalSection
EndGlobal
